lockfileVersion: '9.0'

settings:
  autoInstallPeers: true
  excludeLinksFromLockfile: false

importers:

  .:
    dependencies:
      tts-types:
        specifier: ^0.0.3
        version: 0.0.3

packages:

  tts-types@0.0.3:
    resolution: {integrity: sha512-jtp51jdwT7VdF7uFmPV7iDXrB649VELJManvwUvj9NjxljXhN6AgqVl32mL8hoYiMhzoWeKioORm7E2KmGTezA==}

snapshots:

  tts-types@0.0.3: {}
